// !$*UTF8*$!
{
	archiveVersion = 1;
	classes = {
	};
	objectVersion = 51;
	objects = {

/* Begin PBXBuildFile section */
		26586504236133310062B5A6 /* AppDelegate.swift in Sources */ = {isa = PBXBuildFile; fileRef = 26586503236133310062B5A6 /* AppDelegate.swift */; };
		26586508236133310062B5A6 /* RootViewController.swift in Sources */ = {isa = PBXBuildFile; fileRef = 26586507236133310062B5A6 /* RootViewController.swift */; };
		2658650D236133340062B5A6 /* Assets.xcassets in Resources */ = {isa = PBXBuildFile; fileRef = 2658650C236133340062B5A6 /* Assets.xcassets */; };
		26586510236133340062B5A6 /* LaunchScreen.storyboard in Resources */ = {isa = PBXBuildFile; fileRef = 2658650E236133340062B5A6 /* LaunchScreen.storyboard */; };
		2658651B23613A1C0062B5A6 /* RootView.swift in Sources */ = {isa = PBXBuildFile; fileRef = 2658651A23613A1C0062B5A6 /* RootView.swift */; };
		2658651D236140CD0062B5A6 /* RootCell.swift in Sources */ = {isa = PBXBuildFile; fileRef = 2658651C236140CD0062B5A6 /* RootCell.swift */; };
		2658651F2361432C0062B5A6 /* MainCell.swift in Sources */ = {isa = PBXBuildFile; fileRef = 2658651E2361432C0062B5A6 /* MainCell.swift */; };
		26586521236178D20062B5A6 /* Colors.swift in Sources */ = {isa = PBXBuildFile; fileRef = 26586520236178D20062B5A6 /* Colors.swift */; };
		26586523236AA83C0062B5A6 /* BlurLayerCreator.swift in Sources */ = {isa = PBXBuildFile; fileRef = 26586522236AA83C0062B5A6 /* BlurLayerCreator.swift */; };
		26E3569E237A456F00C7F614 /* DataModel.xcdatamodeld in Sources */ = {isa = PBXBuildFile; fileRef = 26E3569C237A456F00C7F614 /* DataModel.xcdatamodeld */; };
		F274C465D8A459B6C374441D /* Pods_Todoish.framework in Frameworks */ = {isa = PBXBuildFile; fileRef = 5B0B6FCE12BA715F08D4F733 /* Pods_Todoish.framework */; };
/* End PBXBuildFile section */

/* Begin PBXFileReference section */
		26586500236133310062B5A6 /* Todoish.app */ = {isa = PBXFileReference; explicitFileType = wrapper.application; includeInIndex = 0; path = Todoish.app; sourceTree = BUILT_PRODUCTS_DIR; };
		26586503236133310062B5A6 /* AppDelegate.swift */ = {isa = PBXFileReference; lastKnownFileType = sourcecode.swift; path = AppDelegate.swift; sourceTree = "<group>"; };
		26586507236133310062B5A6 /* RootViewController.swift */ = {isa = PBXFileReference; lastKnownFileType = sourcecode.swift; path = RootViewController.swift; sourceTree = "<group>"; };
		2658650C236133340062B5A6 /* Assets.xcassets */ = {isa = PBXFileReference; lastKnownFileType = folder.assetcatalog; path = Assets.xcassets; sourceTree = "<group>"; };
		2658650F236133340062B5A6 /* Base */ = {isa = PBXFileReference; lastKnownFileType = file.storyboard; name = Base; path = Base.lproj/LaunchScreen.storyboard; sourceTree = "<group>"; };
		26586511236133340062B5A6 /* Info.plist */ = {isa = PBXFileReference; lastKnownFileType = text.plist.xml; path = Info.plist; sourceTree = "<group>"; };
		2658651A23613A1C0062B5A6 /* RootView.swift */ = {isa = PBXFileReference; lastKnownFileType = sourcecode.swift; path = RootView.swift; sourceTree = "<group>"; };
		2658651C236140CD0062B5A6 /* RootCell.swift */ = {isa = PBXFileReference; lastKnownFileType = sourcecode.swift; path = RootCell.swift; sourceTree = "<group>"; };
		2658651E2361432C0062B5A6 /* MainCell.swift */ = {isa = PBXFileReference; lastKnownFileType = sourcecode.swift; path = MainCell.swift; sourceTree = "<group>"; };
		26586520236178D20062B5A6 /* Colors.swift */ = {isa = PBXFileReference; lastKnownFileType = sourcecode.swift; path = Colors.swift; sourceTree = "<group>"; };
		26586522236AA83C0062B5A6 /* BlurLayerCreator.swift */ = {isa = PBXFileReference; lastKnownFileType = sourcecode.swift; path = BlurLayerCreator.swift; sourceTree = "<group>"; };
		26E3569D237A456F00C7F614 /* DataModel.xcdatamodel */ = {isa = PBXFileReference; lastKnownFileType = wrapper.xcdatamodel; path = DataModel.xcdatamodel; sourceTree = "<group>"; };
		5B0AFC878F0B12C28B5D6589 /* Pods-Todoish.release.xcconfig */ = {isa = PBXFileReference; includeInIndex = 1; lastKnownFileType = text.xcconfig; name = "Pods-Todoish.release.xcconfig"; path = "Target Support Files/Pods-Todoish/Pods-Todoish.release.xcconfig"; sourceTree = "<group>"; };
		5B0B6FCE12BA715F08D4F733 /* Pods_Todoish.framework */ = {isa = PBXFileReference; explicitFileType = wrapper.framework; includeInIndex = 0; path = Pods_Todoish.framework; sourceTree = BUILT_PRODUCTS_DIR; };
		88480ECDB478131AA479658B /* Pods-Todoish.debug.xcconfig */ = {isa = PBXFileReference; includeInIndex = 1; lastKnownFileType = text.xcconfig; name = "Pods-Todoish.debug.xcconfig"; path = "Target Support Files/Pods-Todoish/Pods-Todoish.debug.xcconfig"; sourceTree = "<group>"; };
/* End PBXFileReference section */

/* Begin PBXFrameworksBuildPhase section */
		265864FD236133310062B5A6 /* Frameworks */ = {
			isa = PBXFrameworksBuildPhase;
			buildActionMask = 2147483647;
			files = (
				F274C465D8A459B6C374441D /* Pods_Todoish.framework in Frameworks */,
			);
			runOnlyForDeploymentPostprocessing = 0;
		};
/* End PBXFrameworksBuildPhase section */

/* Begin PBXGroup section */
		265864F7236133310062B5A6 = {
			isa = PBXGroup;
			children = (
				26586502236133310062B5A6 /* Todoish */,
				26586501236133310062B5A6 /* Products */,
				2B6839EDF1A4FA9B766B6E35 /* Pods */,
				F164D5D4BC6FB184AC302D42 /* Frameworks */,
			);
			sourceTree = "<group>";
		};
		26586501236133310062B5A6 /* Products */ = {
			isa = PBXGroup;
			children = (
				26586500236133310062B5A6 /* Todoish.app */,
			);
			name = Products;
			sourceTree = "<group>";
		};
		26586502236133310062B5A6 /* Todoish */ = {
			isa = PBXGroup;
			children = (
				2658650E236133340062B5A6 /* LaunchScreen.storyboard */,
				26586518236133740062B5A6 /* App */,
				265865192361337E0062B5A6 /* Screen */,
				26586517236133600062B5A6 /* Resources */,
				26E3569B2377D86900C7F614 /* DataModel */,
			);
			path = Todoish;
			sourceTree = "<group>";
		};
		26586517236133600062B5A6 /* Resources */ = {
			isa = PBXGroup;
			children = (
				2658650C236133340062B5A6 /* Assets.xcassets */,
				26586511236133340062B5A6 /* Info.plist */,
				26586520236178D20062B5A6 /* Colors.swift */,
			);
			path = Resources;
			sourceTree = "<group>";
		};
		26586518236133740062B5A6 /* App */ = {
			isa = PBXGroup;
			children = (
				26586503236133310062B5A6 /* AppDelegate.swift */,
			);
			path = App;
			sourceTree = "<group>";
		};
		265865192361337E0062B5A6 /* Screen */ = {
			isa = PBXGroup;
			children = (
				26586507236133310062B5A6 /* RootViewController.swift */,
				26586522236AA83C0062B5A6 /* BlurLayerCreator.swift */,
				2658651A23613A1C0062B5A6 /* RootView.swift */,
				2658651E2361432C0062B5A6 /* MainCell.swift */,
				2658651C236140CD0062B5A6 /* RootCell.swift */,
			);
			path = Screen;
			sourceTree = "<group>";
		};
		26E3569B2377D86900C7F614 /* DataModel */ = {
			isa = PBXGroup;
			children = (
				26E3569C237A456F00C7F614 /* DataModel.xcdatamodeld */,
			);
			path = DataModel;
			sourceTree = "<group>";
		};
		2B6839EDF1A4FA9B766B6E35 /* Pods */ = {
			isa = PBXGroup;
			children = (
				88480ECDB478131AA479658B /* Pods-Todoish.debug.xcconfig */,
				5B0AFC878F0B12C28B5D6589 /* Pods-Todoish.release.xcconfig */,
			);
			path = Pods;
			sourceTree = "<group>";
		};
		F164D5D4BC6FB184AC302D42 /* Frameworks */ = {
			isa = PBXGroup;
			children = (
				5B0B6FCE12BA715F08D4F733 /* Pods_Todoish.framework */,
			);
			name = Frameworks;
			sourceTree = "<group>";
		};
/* End PBXGroup section */

/* Begin PBXNativeTarget section */
		265864FF236133310062B5A6 /* Todoish */ = {
			isa = PBXNativeTarget;
			buildConfigurationList = 26586514236133340062B5A6 /* Build configuration list for PBXNativeTarget "Todoish" */;
			buildPhases = (
				0940E2602345CBB2C5BCBD9F /* [CP] Check Pods Manifest.lock */,
				265864FC236133310062B5A6 /* Sources */,
				265864FD236133310062B5A6 /* Frameworks */,
				265864FE236133310062B5A6 /* Resources */,
				E64A447B1AB7138FBBDEBB03 /* [CP] Embed Pods Frameworks */,
			);
			buildRules = (
			);
			dependencies = (
			);
			name = Todoish;
			productName = Todoish;
			productReference = 26586500236133310062B5A6 /* Todoish.app */;
			productType = "com.apple.product-type.application";
		};
/* End PBXNativeTarget section */

/* Begin PBXProject section */
		265864F8236133310062B5A6 /* Project object */ = {
			isa = PBXProject;
			attributes = {
				LastSwiftUpdateCheck = 1110;
				LastUpgradeCheck = 1110;
				ORGANIZATIONNAME = "Kateryna Tsysarenko";
				TargetAttributes = {
					265864FF236133310062B5A6 = {
						CreatedOnToolsVersion = 11.1;
					};
				};
			};
			buildConfigurationList = 265864FB236133310062B5A6 /* Build configuration list for PBXProject "Todoish" */;
			compatibilityVersion = "Xcode 9.3";
			developmentRegion = en;
			hasScannedForEncodings = 0;
			knownRegions = (
				en,
				Base,
			);
			mainGroup = 265864F7236133310062B5A6;
			productRefGroup = 26586501236133310062B5A6 /* Products */;
			projectDirPath = "";
			projectRoot = "";
			targets = (
				265864FF236133310062B5A6 /* Todoish */,
			);
		};
/* End PBXProject section */

/* Begin PBXResourcesBuildPhase section */
		265864FE236133310062B5A6 /* Resources */ = {
			isa = PBXResourcesBuildPhase;
			buildActionMask = 2147483647;
			files = (
				26586510236133340062B5A6 /* LaunchScreen.storyboard in Resources */,
				2658650D236133340062B5A6 /* Assets.xcassets in Resources */,
			);
			runOnlyForDeploymentPostprocessing = 0;
		};
/* End PBXResourcesBuildPhase section */

/* Begin PBXShellScriptBuildPhase section */
		0940E2602345CBB2C5BCBD9F /* [CP] Check Pods Manifest.lock */ = {
			isa = PBXShellScriptBuildPhase;
			buildActionMask = 2147483647;
			files = (
			);
			inputFileListPaths = (
			);
			inputPaths = (
				"${PODS_PODFILE_DIR_PATH}/Podfile.lock",
				"${PODS_ROOT}/Manifest.lock",
			);
			name = "[CP] Check Pods Manifest.lock";
			outputFileListPaths = (
			);
			outputPaths = (
				"$(DERIVED_FILE_DIR)/Pods-Todoish-checkManifestLockResult.txt",
			);
			runOnlyForDeploymentPostprocessing = 0;
			shellPath = /bin/sh;
			shellScript = "diff \"${PODS_PODFILE_DIR_PATH}/Podfile.lock\" \"${PODS_ROOT}/Manifest.lock\" > /dev/null\nif [ $? != 0 ] ; then\n    # print error to STDERR\n    echo \"error: The sandbox is not in sync with the Podfile.lock. Run 'pod install' or update your CocoaPods installation.\" >&2\n    exit 1\nfi\n# This output is used by Xcode 'outputs' to avoid re-running this script phase.\necho \"SUCCESS\" > \"${SCRIPT_OUTPUT_FILE_0}\"\n";
			showEnvVarsInLog = 0;
		};
		E64A447B1AB7138FBBDEBB03 /* [CP] Embed Pods Frameworks */ = {
			isa = PBXShellScriptBuildPhase;
			buildActionMask = 2147483647;
			files = (
			);
			inputFileListPaths = (
				"${PODS_ROOT}/Target Support Files/Pods-Todoish/Pods-Todoish-frameworks-${CONFIGURATION}-input-files.xcfilelist",
			);
			name = "[CP] Embed Pods Frameworks";
			outputFileListPaths = (
				"${PODS_ROOT}/Target Support Files/Pods-Todoish/Pods-Todoish-frameworks-${CONFIGURATION}-output-files.xcfilelist",
			);
			runOnlyForDeploymentPostprocessing = 0;
			shellPath = /bin/sh;
			shellScript = "\"${PODS_ROOT}/Target Support Files/Pods-Todoish/Pods-Todoish-frameworks.sh\"\n";
			showEnvVarsInLog = 0;
		};
/* End PBXShellScriptBuildPhase section */

/* Begin PBXSourcesBuildPhase section */
		265864FC236133310062B5A6 /* Sources */ = {
			isa = PBXSourcesBuildPhase;
			buildActionMask = 2147483647;
			files = (
				26586508236133310062B5A6 /* RootViewController.swift in Sources */,
				26586521236178D20062B5A6 /* Colors.swift in Sources */,
				2658651D236140CD0062B5A6 /* RootCell.swift in Sources */,
				26586504236133310062B5A6 /* AppDelegate.swift in Sources */,
				2658651B23613A1C0062B5A6 /* RootView.swift in Sources */,
				26586523236AA83C0062B5A6 /* BlurLayerCreator.swift in Sources */,
				26E3569E237A456F00C7F614 /* DataModel.xcdatamodeld in Sources */,
				2658651F2361432C0062B5A6 /* MainCell.swift in Sources */,
			);
			runOnlyForDeploymentPostprocessing = 0;
		};
/* End PBXSourcesBuildPhase section */

/* Begin PBXVariantGroup section */
		2658650E236133340062B5A6 /* LaunchScreen.storyboard */ = {
			isa = PBXVariantGroup;
			children = (
				2658650F236133340062B5A6 /* Base */,
			);
			name = LaunchScreen.storyboard;
			sourceTree = "<group>";
		};
/* End PBXVariantGroup section */

/* Begin XCBuildConfiguration section */
		26586512236133340062B5A6 /* Debug */ = {
			isa = XCBuildConfiguration;
			buildSettings = {
				ALWAYS_SEARCH_USER_PATHS = NO;
				CLANG_ANALYZER_NONNULL = YES;
				CLANG_ANALYZER_NUMBER_OBJECT_CONVERSION = YES_AGGRESSIVE;
				CLANG_CXX_LANGUAGE_STANDARD = "gnu++14";
				CLANG_CXX_LIBRARY = "libc++";
				CLANG_ENABLE_MODULES = YES;
				CLANG_ENABLE_OBJC_ARC = YES;
				CLANG_ENABLE_OBJC_WEAK = YES;
				CLANG_WARN_BLOCK_CAPTURE_AUTORELEASING = YES;
				CLANG_WARN_BOOL_CONVERSION = YES;
				CLANG_WARN_COMMA = YES;
				CLANG_WARN_CONSTANT_CONVERSION = YES;
				CLANG_WARN_DEPRECATED_OBJC_IMPLEMENTATIONS = YES;
				CLANG_WARN_DIRECT_OBJC_ISA_USAGE = YES_ERROR;
				CLANG_WARN_DOCUMENTATION_COMMENTS = YES;
				CLANG_WARN_EMPTY_BODY = YES;
				CLANG_WARN_ENUM_CONVERSION = YES;
				CLANG_WARN_INFINITE_RECURSION = YES;
				CLANG_WARN_INT_CONVERSION = YES;
				CLANG_WARN_NON_LITERAL_NULL_CONVERSION = YES;
				CLANG_WARN_OBJC_IMPLICIT_RETAIN_SELF = YES;
				CLANG_WARN_OBJC_LITERAL_CONVERSION = YES;
				CLANG_WARN_OBJC_ROOT_CLASS = YES_ERROR;
				CLANG_WARN_RANGE_LOOP_ANALYSIS = YES;
				CLANG_WARN_STRICT_PROTOTYPES = YES;
				CLANG_WARN_SUSPICIOUS_MOVE = YES;
				CLANG_WARN_UNGUARDED_AVAILABILITY = YES_AGGRESSIVE;
				CLANG_WARN_UNREACHABLE_CODE = YES;
				CLANG_WARN__DUPLICATE_METHOD_MATCH = YES;
				COPY_PHASE_STRIP = NO;
				DEBUG_INFORMATION_FORMAT = dwarf;
				ENABLE_STRICT_OBJC_MSGSEND = YES;
				ENABLE_TESTABILITY = YES;
				GCC_C_LANGUAGE_STANDARD = gnu11;
				GCC_DYNAMIC_NO_PIC = NO;
				GCC_NO_COMMON_BLOCKS = YES;
				GCC_OPTIMIZATION_LEVEL = 0;
				GCC_PREPROCESSOR_DEFINITIONS = (
					"DEBUG=1",
					"$(inherited)",
				);
				GCC_WARN_64_TO_32_BIT_CONVERSION = YES;
				GCC_WARN_ABOUT_RETURN_TYPE = YES_ERROR;
				GCC_WARN_UNDECLARED_SELECTOR = YES;
				GCC_WARN_UNINITIALIZED_AUTOS = YES_AGGRESSIVE;
				GCC_WARN_UNUSED_FUNCTION = YES;
				GCC_WARN_UNUSED_VARIABLE = YES;
				IPHONEOS_DEPLOYMENT_TARGET = 13.1;
				MTL_ENABLE_DEBUG_INFO = INCLUDE_SOURCE;
				MTL_FAST_MATH = YES;
				ONLY_ACTIVE_ARCH = YES;
				SDKROOT = iphoneos;
				SWIFT_ACTIVE_COMPILATION_CONDITIONS = DEBUG;
				SWIFT_OPTIMIZATION_LEVEL = "-Onone";
			};
			name = Debug;
		};
		26586513236133340062B5A6 /* Release */ = {
			isa = XCBuildConfiguration;
			buildSettings = {
				ALWAYS_SEARCH_USER_PATHS = NO;
				CLANG_ANALYZER_NONNULL = YES;
				CLANG_ANALYZER_NUMBER_OBJECT_CONVERSION = YES_AGGRESSIVE;
				CLANG_CXX_LANGUAGE_STANDARD = "gnu++14";
				CLANG_CXX_LIBRARY = "libc++";
				CLANG_ENABLE_MODULES = YES;
				CLANG_ENABLE_OBJC_ARC = YES;
				CLANG_ENABLE_OBJC_WEAK = YES;
				CLANG_WARN_BLOCK_CAPTURE_AUTORELEASING = YES;
				CLANG_WARN_BOOL_CONVERSION = YES;
				CLANG_WARN_COMMA = YES;
				CLANG_WARN_CONSTANT_CONVERSION = YES;
				CLANG_WARN_DEPRECATED_OBJC_IMPLEMENTATIONS = YES;
				CLANG_WARN_DIRECT_OBJC_ISA_USAGE = YES_ERROR;
				CLANG_WARN_DOCUMENTATION_COMMENTS = YES;
				CLANG_WARN_EMPTY_BODY = YES;
				CLANG_WARN_ENUM_CONVERSION = YES;
				CLANG_WARN_INFINITE_RECURSION = YES;
				CLANG_WARN_INT_CONVERSION = YES;
				CLANG_WARN_NON_LITERAL_NULL_CONVERSION = YES;
				CLANG_WARN_OBJC_IMPLICIT_RETAIN_SELF = YES;
				CLANG_WARN_OBJC_LITERAL_CONVERSION = YES;
				CLANG_WARN_OBJC_ROOT_CLASS = YES_ERROR;
				CLANG_WARN_RANGE_LOOP_ANALYSIS = YES;
				CLANG_WARN_STRICT_PROTOTYPES = YES;
				CLANG_WARN_SUSPICIOUS_MOVE = YES;
				CLANG_WARN_UNGUARDED_AVAILABILITY = YES_AGGRESSIVE;
				CLANG_WARN_UNREACHABLE_CODE = YES;
				CLANG_WARN__DUPLICATE_METHOD_MATCH = YES;
				COPY_PHASE_STRIP = NO;
				DEBUG_INFORMATION_FORMAT = "dwarf-with-dsym";
				ENABLE_NS_ASSERTIONS = NO;
				ENABLE_STRICT_OBJC_MSGSEND = YES;
				GCC_C_LANGUAGE_STANDARD = gnu11;
				GCC_NO_COMMON_BLOCKS = YES;
				GCC_WARN_64_TO_32_BIT_CONVERSION = YES;
				GCC_WARN_ABOUT_RETURN_TYPE = YES_ERROR;
				GCC_WARN_UNDECLARED_SELECTOR = YES;
				GCC_WARN_UNINITIALIZED_AUTOS = YES_AGGRESSIVE;
				GCC_WARN_UNUSED_FUNCTION = YES;
				GCC_WARN_UNUSED_VARIABLE = YES;
				IPHONEOS_DEPLOYMENT_TARGET = 13.1;
				MTL_ENABLE_DEBUG_INFO = NO;
				MTL_FAST_MATH = YES;
				SDKROOT = iphoneos;
				SWIFT_COMPILATION_MODE = wholemodule;
				SWIFT_OPTIMIZATION_LEVEL = "-O";
				VALIDATE_PRODUCT = YES;
			};
			name = Release;
		};
		26586515236133340062B5A6 /* Debug */ = {
			isa = XCBuildConfiguration;
			baseConfigurationReference = 88480ECDB478131AA479658B /* Pods-Todoish.debug.xcconfig */;
			buildSettings = {
				ASSETCATALOG_COMPILER_APPICON_NAME = AppIcon;
				CODE_SIGN_STYLE = Automatic;
				INFOPLIST_FILE = Todoish/Resources/Info.plist;
				LD_RUNPATH_SEARCH_PATHS = (
					"$(inherited)",
					"@executable_path/Frameworks",
				);
				PRODUCT_BUNDLE_IDENTIFIER = com.katerynatsysarenko.Todoish;
				PRODUCT_NAME = "$(TARGET_NAME)";
				SWIFT_VERSION = 5.0;
				TARGETED_DEVICE_FAMILY = "1,2";
			};
			name = Debug;
		};
		26586516236133340062B5A6 /* Release */ = {
			isa = XCBuildConfiguration;
			baseConfigurationReference = 5B0AFC878F0B12C28B5D6589 /* Pods-Todoish.release.xcconfig */;
			buildSettings = {
				ASSETCATALOG_COMPILER_APPICON_NAME = AppIcon;
				CODE_SIGN_STYLE = Automatic;
				INFOPLIST_FILE = Todoish/Resources/Info.plist;
				LD_RUNPATH_SEARCH_PATHS = (
					"$(inherited)",
					"@executable_path/Frameworks",
				);
				PRODUCT_BUNDLE_IDENTIFIER = com.katerynatsysarenko.Todoish;
				PRODUCT_NAME = "$(TARGET_NAME)";
				SWIFT_VERSION = 5.0;
				TARGETED_DEVICE_FAMILY = "1,2";
			};
			name = Release;
		};
/* End XCBuildConfiguration section */

/* Begin XCConfigurationList section */
		265864FB236133310062B5A6 /* Build configuration list for PBXProject "Todoish" */ = {
			isa = XCConfigurationList;
			buildConfigurations = (
				26586512236133340062B5A6 /* Debug */,
				26586513236133340062B5A6 /* Release */,
			);
			defaultConfigurationIsVisible = 0;
			defaultConfigurationName = Release;
		};
		26586514236133340062B5A6 /* Build configuration list for PBXNativeTarget "Todoish" */ = {
			isa = XCConfigurationList;
			buildConfigurations = (
				26586515236133340062B5A6 /* Debug */,
				26586516236133340062B5A6 /* Release */,
			);
			defaultConfigurationIsVisible = 0;
			defaultConfigurationName = Release;
		};
/* End XCConfigurationList section */

/* Begin XCVersionGroup section */
		26E3569C237A456F00C7F614 /* DataModel.xcdatamodeld */ = {
			isa = XCVersionGroup;
			children = (
				26E3569D237A456F00C7F614 /* DataModel.xcdatamodel */,
			);
			currentVersion = 26E3569D237A456F00C7F614 /* DataModel.xcdatamodel */;
			path = DataModel.xcdatamodeld;
			sourceTree = "<group>";
			versionGroupType = wrapper.xcdatamodel;
		};
/* End XCVersionGroup section */
	};
	rootObject = 265864F8236133310062B5A6 /* Project object */;
}
